
Microsoft Visual Studio Solution File, Format Version 12.00
# Visual Studio Version 17
VisualStudioVersion = 17.3.32825.248
MinimumVisualStudioVersion = 10.0.40219.1
Project("{FAE04EC0-301F-11D3-BF4B-00C04F79EFBC}") = "Приемная_комиссия", "Приемная_комиссия.csproj", "{317DABD9-A469-4544-8001-2902CE7A23FA}"
EndProject
Project("{FAE04EC0-301F-11D3-BF4B-00C04F79EFBC}") = "UnitTestPС", "..\UnitTestPС\UnitTestPС.csproj", "{36F1B822-875B-46B3-A3B7-FFC28C6D822D}"
EndProject
Global
	GlobalSection(SolutionConfigurationPlatforms) = preSolution
		Debug|Any CPU = Debug|Any CPU
		Release|Any CPU = Release|Any CPU
	EndGlobalSection
	GlobalSection(ProjectConfigurationPlatforms) = postSolution
		{317DABD9-A469-4544-8001-2902CE7A23FA}.Debug|Any CPU.ActiveCfg = Debug|Any CPU
		{317DABD9-A469-4544-8001-2902CE7A23FA}.Debug|Any CPU.Build.0 = Debug|Any CPU
		{317DABD9-A469-4544-8001-2902CE7A23FA}.Release|Any CPU.ActiveCfg = Release|Any CPU
		{317DABD9-A469-4544-8001-2902CE7A23FA}.Release|Any CPU.Build.0 = Release|Any CPU
		{36F1B822-875B-46B3-A3B7-FFC28C6D822D}.Debug|Any CPU.ActiveCfg = Debug|Any CPU
		{36F1B822-875B-46B3-A3B7-FFC28C6D822D}.Debug|Any CPU.Build.0 = Debug|Any CPU
		{36F1B822-875B-46B3-A3B7-FFC28C6D822D}.Release|Any CPU.ActiveCfg = Release|Any CPU
		{36F1B822-875B-46B3-A3B7-FFC28C6D822D}.Release|Any CPU.Build.0 = Release|Any CPU
	EndGlobalSection
	GlobalSection(SolutionProperties) = preSolution
		HideSolutionNode = FALSE
	EndGlobalSection
	GlobalSection(ExtensibilityGlobals) = postSolution
		SolutionGuid = {05A62F51-9955-424F-B76B-E2D5F3763C61}
	EndGlobalSection
EndGlobal
